
Microsoft Visual Studio Solution File, Format Version 12.00
# Visual Studio Version 17
VisualStudioVersion = 17.11.35222.181
MinimumVisualStudioVersion = 10.0.40219.1
Project("{FAE04EC0-301F-11D3-BF4B-00C04F79EFBC}") = "telefon", "telefon.csproj", "{598A8678-1826-4527-98D2-05BA9327A5C0}"
EndProject
Global
	GlobalSection(SolutionConfigurationPlatforms) = preSolution
		Debug|Any CPU = Debug|Any CPU
		Release|Any CPU = Release|Any CPU
	EndGlobalSection
	GlobalSection(ProjectConfigurationPlatforms) = postSolution
		{598A8678-1826-4527-98D2-05BA9327A5C0}.Debug|Any CPU.ActiveCfg = Debug|Any CPU
		{598A8678-1826-4527-98D2-05BA9327A5C0}.Debug|Any CPU.Build.0 = Debug|Any CPU
		{598A8678-1826-4527-98D2-05BA9327A5C0}.Release|Any CPU.ActiveCfg = Release|Any CPU
		{598A8678-1826-4527-98D2-05BA9327A5C0}.Release|Any CPU.Build.0 = Release|Any CPU
	EndGlobalSection
	GlobalSection(SolutionProperties) = preSolution
		HideSolutionNode = FALSE
	EndGlobalSection
	GlobalSection(ExtensibilityGlobals) = postSolution
		SolutionGuid = {7727DF95-CDDD-40E3-BF36-CEADFA0DFB26}
	EndGlobalSection
EndGlobal
