
Microsoft Visual Studio Solution File, Format Version 12.00
# Visual Studio Version 17
VisualStudioVersion = 17.11.35222.181
MinimumVisualStudioVersion = 10.0.40219.1
Project("{FAE04EC0-301F-11D3-BF4B-00C04F79EFBC}") = "fenyofa", "fenyofa.csproj", "{EB44FFC8-29EE-481A-BD02-5C55E646E189}"
EndProject
Global
	GlobalSection(SolutionConfigurationPlatforms) = preSolution
		Debug|Any CPU = Debug|Any CPU
		Release|Any CPU = Release|Any CPU
	EndGlobalSection
	GlobalSection(ProjectConfigurationPlatforms) = postSolution
		{EB44FFC8-29EE-481A-BD02-5C55E646E189}.Debug|Any CPU.ActiveCfg = Debug|Any CPU
		{EB44FFC8-29EE-481A-BD02-5C55E646E189}.Debug|Any CPU.Build.0 = Debug|Any CPU
		{EB44FFC8-29EE-481A-BD02-5C55E646E189}.Release|Any CPU.ActiveCfg = Release|Any CPU
		{EB44FFC8-29EE-481A-BD02-5C55E646E189}.Release|Any CPU.Build.0 = Release|Any CPU
	EndGlobalSection
	GlobalSection(SolutionProperties) = preSolution
		HideSolutionNode = FALSE
	EndGlobalSection
	GlobalSection(ExtensibilityGlobals) = postSolution
		SolutionGuid = {A28C11BA-095E-4C09-97A0-BBEDCD7A1147}
	EndGlobalSection
EndGlobal
