
Microsoft Visual Studio Solution File, Format Version 12.00
# Visual Studio Version 17
VisualStudioVersion = 17.11.35222.181
MinimumVisualStudioVersion = 10.0.40219.1
Project("{FAE04EC0-301F-11D3-BF4B-00C04F79EFBC}") = "dobokocka", "dobokocka.csproj", "{CAD1F8F7-24CC-4AE0-84E3-2FCFCC57A14D}"
EndProject
Global
	GlobalSection(SolutionConfigurationPlatforms) = preSolution
		Debug|Any CPU = Debug|Any CPU
		Release|Any CPU = Release|Any CPU
	EndGlobalSection
	GlobalSection(ProjectConfigurationPlatforms) = postSolution
		{CAD1F8F7-24CC-4AE0-84E3-2FCFCC57A14D}.Debug|Any CPU.ActiveCfg = Debug|Any CPU
		{CAD1F8F7-24CC-4AE0-84E3-2FCFCC57A14D}.Debug|Any CPU.Build.0 = Debug|Any CPU
		{CAD1F8F7-24CC-4AE0-84E3-2FCFCC57A14D}.Release|Any CPU.ActiveCfg = Release|Any CPU
		{CAD1F8F7-24CC-4AE0-84E3-2FCFCC57A14D}.Release|Any CPU.Build.0 = Release|Any CPU
	EndGlobalSection
	GlobalSection(SolutionProperties) = preSolution
		HideSolutionNode = FALSE
	EndGlobalSection
	GlobalSection(ExtensibilityGlobals) = postSolution
		SolutionGuid = {95DC39FF-085D-432E-86C4-8993B1EA9F5D}
	EndGlobalSection
EndGlobal
